// !$*UTF8*$!
{
	archiveVersion = 1;
	classes = {
	};
	objectVersion = 56;
	objects = {

/* Begin PBXBuildFile section */
		0820064C2BCD06E30036364A /* UIStackView+Ext.swift in Sources */ = {isa = PBXBuildFile; fileRef = 0820064B2BCD06E30036364A /* UIStackView+Ext.swift */; };
		0820064E2BCD0E430036364A /* UnitsOfMeasure.swift in Sources */ = {isa = PBXBuildFile; fileRef = 0820064D2BCD0E430036364A /* UnitsOfMeasure.swift */; };
		082006502BCD246F0036364A /* ProductDetailsViewController.swift in Sources */ = {isa = PBXBuildFile; fileRef = 0820064F2BCD246F0036364A /* ProductDetailsViewController.swift */; };
		0829665A2BCD374E00719038 /* CurrencyData.swift in Sources */ = {isa = PBXBuildFile; fileRef = 082966592BCD374E00719038 /* CurrencyData.swift */; };
		082966602BCD3EC300719038 /* ProductDetailView.swift in Sources */ = {isa = PBXBuildFile; fileRef = 0829665F2BCD3EC300719038 /* ProductDetailView.swift */; };
		082966642BCD97CB00719038 /* ProductListView.swift in Sources */ = {isa = PBXBuildFile; fileRef = 082966632BCD97CB00719038 /* ProductListView.swift */; };
		082966662BCD98C700719038 /* NetworkingService.swift in Sources */ = {isa = PBXBuildFile; fileRef = 082966652BCD98C700719038 /* NetworkingService.swift */; };
		084738802BCEA3570018C162 /* BasketViewModel.swift in Sources */ = {isa = PBXBuildFile; fileRef = 0847387F2BCEA3570018C162 /* BasketViewModel.swift */; };
		084738822BCEA56D0018C162 /* EmptyBasketView.swift in Sources */ = {isa = PBXBuildFile; fileRef = 084738812BCEA56D0018C162 /* EmptyBasketView.swift */; };
		08745B612BCC5AB00054F9CB /* AppDelegate.swift in Sources */ = {isa = PBXBuildFile; fileRef = 08745B602BCC5AB00054F9CB /* AppDelegate.swift */; };
		08745B652BCC5AB00054F9CB /* StartController.swift in Sources */ = {isa = PBXBuildFile; fileRef = 08745B642BCC5AB00054F9CB /* StartController.swift */; };
		08745B6A2BCC5AB40054F9CB /* Assets.xcassets in Resources */ = {isa = PBXBuildFile; fileRef = 08745B692BCC5AB40054F9CB /* Assets.xcassets */; };
		08745B6D2BCC5AB40054F9CB /* LaunchScreen.storyboard in Resources */ = {isa = PBXBuildFile; fileRef = 08745B6B2BCC5AB40054F9CB /* LaunchScreen.storyboard */; };
		08745B782BCC5AB40054F9CB /* HomeAssignmentTests.swift in Sources */ = {isa = PBXBuildFile; fileRef = 08745B772BCC5AB40054F9CB /* HomeAssignmentTests.swift */; };
		08745B822BCC5AB50054F9CB /* HomeAssignmentUITests.swift in Sources */ = {isa = PBXBuildFile; fileRef = 08745B812BCC5AB50054F9CB /* HomeAssignmentUITests.swift */; };
		08745B842BCC5AB50054F9CB /* HomeAssignmentUITestsLaunchTests.swift in Sources */ = {isa = PBXBuildFile; fileRef = 08745B832BCC5AB50054F9CB /* HomeAssignmentUITestsLaunchTests.swift */; };
		08745B932BCC5B2A0054F9CB /* response.json in Resources */ = {isa = PBXBuildFile; fileRef = 08745B922BCC5B2A0054F9CB /* response.json */; };
		088E0B8D2BCEEDA60013D7A0 /* QuantityManagementView.swift in Sources */ = {isa = PBXBuildFile; fileRef = 088E0B8C2BCEEDA60013D7A0 /* QuantityManagementView.swift */; };
		08A5898C2BCDABD10046CB40 /* ShoppingBasket.swift in Sources */ = {isa = PBXBuildFile; fileRef = 08A5898B2BCDABD10046CB40 /* ShoppingBasket.swift */; };
		08A5898F2BCDAC980046CB40 /* BasketTableViewCell.swift in Sources */ = {isa = PBXBuildFile; fileRef = 08A5898E2BCDAC980046CB40 /* BasketTableViewCell.swift */; };
		08B4D8672BCE59D400A6B1D0 /* BasketView.swift in Sources */ = {isa = PBXBuildFile; fileRef = 08B4D8662BCE59D400A6B1D0 /* BasketView.swift */; };
		08B4D86B2BCE685400A6B1D0 /* BasketProductsModel.swift in Sources */ = {isa = PBXBuildFile; fileRef = 08B4D86A2BCE685400A6B1D0 /* BasketProductsModel.swift */; };
		08B4D86D2BCE934800A6B1D0 /* Double+Ext.swift in Sources */ = {isa = PBXBuildFile; fileRef = 08B4D86C2BCE934700A6B1D0 /* Double+Ext.swift */; };
		08B4D8702BCE9A7700A6B1D0 /* BasketUpdateType.swift in Sources */ = {isa = PBXBuildFile; fileRef = 08B4D86F2BCE9A7700A6B1D0 /* BasketUpdateType.swift */; };
		08B5289B2BCC62740015B713 /* Coordinator.swift in Sources */ = {isa = PBXBuildFile; fileRef = 08B5289A2BCC62740015B713 /* Coordinator.swift */; };
		08B5289E2BCC63DA0015B713 /* MainCoordinator.swift in Sources */ = {isa = PBXBuildFile; fileRef = 08B5289D2BCC63DA0015B713 /* MainCoordinator.swift */; };
		08B528A02BCC668B0015B713 /* MainCoordinator+ChildCreation.swift in Sources */ = {isa = PBXBuildFile; fileRef = 08B5289F2BCC668B0015B713 /* MainCoordinator+ChildCreation.swift */; };
		08B528A42BCC66ED0015B713 /* BasketController.swift in Sources */ = {isa = PBXBuildFile; fileRef = 08B528A32BCC66ED0015B713 /* BasketController.swift */; };
		08B528A72BCC67420015B713 /* StartCoordinator.swift in Sources */ = {isa = PBXBuildFile; fileRef = 08B528A62BCC67420015B713 /* StartCoordinator.swift */; };
		08B528A92BCC674E0015B713 /* BasketCoordinator.swift in Sources */ = {isa = PBXBuildFile; fileRef = 08B528A82BCC674E0015B713 /* BasketCoordinator.swift */; };
		08B528AB2BCC6AB10015B713 /* MainCoordinator+TabBarCreation.swift in Sources */ = {isa = PBXBuildFile; fileRef = 08B528AA2BCC6AB10015B713 /* MainCoordinator+TabBarCreation.swift */; };
		08B528AE2BCC6B630015B713 /* UITabBarController+Ext.swift in Sources */ = {isa = PBXBuildFile; fileRef = 08B528AD2BCC6B630015B713 /* UITabBarController+Ext.swift */; };
		08B528B22BCC6EFA0015B713 /* StartViewModel.swift in Sources */ = {isa = PBXBuildFile; fileRef = 08B528B12BCC6EFA0015B713 /* StartViewModel.swift */; };
		08B528B52BCC6FFA0015B713 /* ProductViewCell.swift in Sources */ = {isa = PBXBuildFile; fileRef = 08B528B42BCC6FFA0015B713 /* ProductViewCell.swift */; };
		08B528B72BCC70970015B713 /* UITablveViewCell+Ext.swift in Sources */ = {isa = PBXBuildFile; fileRef = 08B528B62BCC70970015B713 /* UITablveViewCell+Ext.swift */; };
		08B528BA2BCC72E10015B713 /* ProductType.swift in Sources */ = {isa = PBXBuildFile; fileRef = 08B528B92BCC72E10015B713 /* ProductType.swift */; };
		08B528BD2BCC7D9E0015B713 /* ProductModel.swift in Sources */ = {isa = PBXBuildFile; fileRef = 08B528BC2BCC7D9E0015B713 /* ProductModel.swift */; };
		0BC5A288B3D007C839B15CA8 /* Pods_HomeAssignment_HomeAssignmentUITests.framework in Frameworks */ = {isa = PBXBuildFile; fileRef = 2D1190014D78B0DF4DAE6302 /* Pods_HomeAssignment_HomeAssignmentUITests.framework */; };
		1AAFA61D708C5BCA8A16D549 /* Pods_HomeAssignmentTests.framework in Frameworks */ = {isa = PBXBuildFile; fileRef = 9A33386AAD8E8EA117F53E69 /* Pods_HomeAssignmentTests.framework */; };
		2BE8CE082531DCF7C8412A76 /* Pods_HomeAssignment.framework in Frameworks */ = {isa = PBXBuildFile; fileRef = 76BA072C26148769BD7CEF16 /* Pods_HomeAssignment.framework */; };
/* End PBXBuildFile section */

/* Begin PBXContainerItemProxy section */
		08745B742BCC5AB40054F9CB /* PBXContainerItemProxy */ = {
			isa = PBXContainerItemProxy;
			containerPortal = 08745B552BCC5AB00054F9CB /* Project object */;
			proxyType = 1;
			remoteGlobalIDString = 08745B5C2BCC5AB00054F9CB;
			remoteInfo = HomeAssignment;
		};
		08745B7E2BCC5AB50054F9CB /* PBXContainerItemProxy */ = {
			isa = PBXContainerItemProxy;
			containerPortal = 08745B552BCC5AB00054F9CB /* Project object */;
			proxyType = 1;
			remoteGlobalIDString = 08745B5C2BCC5AB00054F9CB;
			remoteInfo = HomeAssignment;
		};
/* End PBXContainerItemProxy section */

/* Begin PBXFileReference section */
		0820064B2BCD06E30036364A /* UIStackView+Ext.swift */ = {isa = PBXFileReference; lastKnownFileType = sourcecode.swift; path = "UIStackView+Ext.swift"; sourceTree = "<group>"; };
		0820064D2BCD0E430036364A /* UnitsOfMeasure.swift */ = {isa = PBXFileReference; lastKnownFileType = sourcecode.swift; path = UnitsOfMeasure.swift; sourceTree = "<group>"; };
		0820064F2BCD246F0036364A /* ProductDetailsViewController.swift */ = {isa = PBXFileReference; lastKnownFileType = sourcecode.swift; path = ProductDetailsViewController.swift; sourceTree = "<group>"; };
		082966592BCD374E00719038 /* CurrencyData.swift */ = {isa = PBXFileReference; lastKnownFileType = sourcecode.swift; path = CurrencyData.swift; sourceTree = "<group>"; };
		0829665F2BCD3EC300719038 /* ProductDetailView.swift */ = {isa = PBXFileReference; lastKnownFileType = sourcecode.swift; path = ProductDetailView.swift; sourceTree = "<group>"; };
		082966632BCD97CB00719038 /* ProductListView.swift */ = {isa = PBXFileReference; lastKnownFileType = sourcecode.swift; path = ProductListView.swift; sourceTree = "<group>"; };
		082966652BCD98C700719038 /* NetworkingService.swift */ = {isa = PBXFileReference; lastKnownFileType = sourcecode.swift; path = NetworkingService.swift; sourceTree = "<group>"; };
		0847387F2BCEA3570018C162 /* BasketViewModel.swift */ = {isa = PBXFileReference; lastKnownFileType = sourcecode.swift; path = BasketViewModel.swift; sourceTree = "<group>"; };
		084738812BCEA56D0018C162 /* EmptyBasketView.swift */ = {isa = PBXFileReference; lastKnownFileType = sourcecode.swift; path = EmptyBasketView.swift; sourceTree = "<group>"; };
		08745B5D2BCC5AB00054F9CB /* HomeAssignment.app */ = {isa = PBXFileReference; explicitFileType = wrapper.application; includeInIndex = 0; path = HomeAssignment.app; sourceTree = BUILT_PRODUCTS_DIR; };
		08745B602BCC5AB00054F9CB /* AppDelegate.swift */ = {isa = PBXFileReference; lastKnownFileType = sourcecode.swift; path = AppDelegate.swift; sourceTree = "<group>"; };
		08745B642BCC5AB00054F9CB /* StartController.swift */ = {isa = PBXFileReference; lastKnownFileType = sourcecode.swift; path = StartController.swift; sourceTree = "<group>"; };
		08745B692BCC5AB40054F9CB /* Assets.xcassets */ = {isa = PBXFileReference; lastKnownFileType = folder.assetcatalog; path = Assets.xcassets; sourceTree = "<group>"; };
		08745B6C2BCC5AB40054F9CB /* Base */ = {isa = PBXFileReference; lastKnownFileType = file.storyboard; name = Base; path = Base.lproj/LaunchScreen.storyboard; sourceTree = "<group>"; };
		08745B6E2BCC5AB40054F9CB /* Info.plist */ = {isa = PBXFileReference; lastKnownFileType = text.plist.xml; path = Info.plist; sourceTree = "<group>"; };
		08745B732BCC5AB40054F9CB /* HomeAssignmentTests.xctest */ = {isa = PBXFileReference; explicitFileType = wrapper.cfbundle; includeInIndex = 0; path = HomeAssignmentTests.xctest; sourceTree = BUILT_PRODUCTS_DIR; };
		08745B772BCC5AB40054F9CB /* HomeAssignmentTests.swift */ = {isa = PBXFileReference; lastKnownFileType = sourcecode.swift; path = HomeAssignmentTests.swift; sourceTree = "<group>"; };
		08745B7D2BCC5AB50054F9CB /* HomeAssignmentUITests.xctest */ = {isa = PBXFileReference; explicitFileType = wrapper.cfbundle; includeInIndex = 0; path = HomeAssignmentUITests.xctest; sourceTree = BUILT_PRODUCTS_DIR; };
		08745B812BCC5AB50054F9CB /* HomeAssignmentUITests.swift */ = {isa = PBXFileReference; lastKnownFileType = sourcecode.swift; path = HomeAssignmentUITests.swift; sourceTree = "<group>"; };
		08745B832BCC5AB50054F9CB /* HomeAssignmentUITestsLaunchTests.swift */ = {isa = PBXFileReference; lastKnownFileType = sourcecode.swift; path = HomeAssignmentUITestsLaunchTests.swift; sourceTree = "<group>"; };
		08745B922BCC5B2A0054F9CB /* response.json */ = {isa = PBXFileReference; fileEncoding = 4; lastKnownFileType = text.json; name = response.json; path = "../../../../../Downloads/iOS Home task/response.json"; sourceTree = "<group>"; };
		088E0B8C2BCEEDA60013D7A0 /* QuantityManagementView.swift */ = {isa = PBXFileReference; lastKnownFileType = sourcecode.swift; path = QuantityManagementView.swift; sourceTree = "<group>"; };
		08A5898B2BCDABD10046CB40 /* ShoppingBasket.swift */ = {isa = PBXFileReference; lastKnownFileType = sourcecode.swift; path = ShoppingBasket.swift; sourceTree = "<group>"; };
		08A5898E2BCDAC980046CB40 /* BasketTableViewCell.swift */ = {isa = PBXFileReference; lastKnownFileType = sourcecode.swift; path = BasketTableViewCell.swift; sourceTree = "<group>"; };
		08B4D8662BCE59D400A6B1D0 /* BasketView.swift */ = {isa = PBXFileReference; lastKnownFileType = sourcecode.swift; path = BasketView.swift; sourceTree = "<group>"; };
		08B4D86A2BCE685400A6B1D0 /* BasketProductsModel.swift */ = {isa = PBXFileReference; lastKnownFileType = sourcecode.swift; path = BasketProductsModel.swift; sourceTree = "<group>"; };
		08B4D86C2BCE934700A6B1D0 /* Double+Ext.swift */ = {isa = PBXFileReference; lastKnownFileType = sourcecode.swift; path = "Double+Ext.swift"; sourceTree = "<group>"; };
		08B4D86F2BCE9A7700A6B1D0 /* BasketUpdateType.swift */ = {isa = PBXFileReference; lastKnownFileType = sourcecode.swift; path = BasketUpdateType.swift; sourceTree = "<group>"; };
		08B5289A2BCC62740015B713 /* Coordinator.swift */ = {isa = PBXFileReference; lastKnownFileType = sourcecode.swift; path = Coordinator.swift; sourceTree = "<group>"; };
		08B5289D2BCC63DA0015B713 /* MainCoordinator.swift */ = {isa = PBXFileReference; lastKnownFileType = sourcecode.swift; path = MainCoordinator.swift; sourceTree = "<group>"; };
		08B5289F2BCC668B0015B713 /* MainCoordinator+ChildCreation.swift */ = {isa = PBXFileReference; lastKnownFileType = sourcecode.swift; path = "MainCoordinator+ChildCreation.swift"; sourceTree = "<group>"; };
		08B528A32BCC66ED0015B713 /* BasketController.swift */ = {isa = PBXFileReference; lastKnownFileType = sourcecode.swift; path = BasketController.swift; sourceTree = "<group>"; };
		08B528A62BCC67420015B713 /* StartCoordinator.swift */ = {isa = PBXFileReference; lastKnownFileType = sourcecode.swift; path = StartCoordinator.swift; sourceTree = "<group>"; };
		08B528A82BCC674E0015B713 /* BasketCoordinator.swift */ = {isa = PBXFileReference; lastKnownFileType = sourcecode.swift; path = BasketCoordinator.swift; sourceTree = "<group>"; };
		08B528AA2BCC6AB10015B713 /* MainCoordinator+TabBarCreation.swift */ = {isa = PBXFileReference; lastKnownFileType = sourcecode.swift; path = "MainCoordinator+TabBarCreation.swift"; sourceTree = "<group>"; };
		08B528AD2BCC6B630015B713 /* UITabBarController+Ext.swift */ = {isa = PBXFileReference; lastKnownFileType = sourcecode.swift; path = "UITabBarController+Ext.swift"; sourceTree = "<group>"; };
		08B528B12BCC6EFA0015B713 /* StartViewModel.swift */ = {isa = PBXFileReference; lastKnownFileType = sourcecode.swift; path = StartViewModel.swift; sourceTree = "<group>"; };
		08B528B42BCC6FFA0015B713 /* ProductViewCell.swift */ = {isa = PBXFileReference; lastKnownFileType = sourcecode.swift; path = ProductViewCell.swift; sourceTree = "<group>"; };
		08B528B62BCC70970015B713 /* UITablveViewCell+Ext.swift */ = {isa = PBXFileReference; lastKnownFileType = sourcecode.swift; path = "UITablveViewCell+Ext.swift"; sourceTree = "<group>"; };
		08B528B92BCC72E10015B713 /* ProductType.swift */ = {isa = PBXFileReference; lastKnownFileType = sourcecode.swift; path = ProductType.swift; sourceTree = "<group>"; };
		08B528BC2BCC7D9E0015B713 /* ProductModel.swift */ = {isa = PBXFileReference; lastKnownFileType = sourcecode.swift; path = ProductModel.swift; sourceTree = "<group>"; };
		2D1190014D78B0DF4DAE6302 /* Pods_HomeAssignment_HomeAssignmentUITests.framework */ = {isa = PBXFileReference; explicitFileType = wrapper.framework; includeInIndex = 0; path = Pods_HomeAssignment_HomeAssignmentUITests.framework; sourceTree = BUILT_PRODUCTS_DIR; };
		41CA37756E786487AC7FCD03 /* Pods-HomeAssignmentTests.debug.xcconfig */ = {isa = PBXFileReference; includeInIndex = 1; lastKnownFileType = text.xcconfig; name = "Pods-HomeAssignmentTests.debug.xcconfig"; path = "Target Support Files/Pods-HomeAssignmentTests/Pods-HomeAssignmentTests.debug.xcconfig"; sourceTree = "<group>"; };
		533F4F9F34E1A7AF8DDA7FD8 /* Pods-HomeAssignment.debug.xcconfig */ = {isa = PBXFileReference; includeInIndex = 1; lastKnownFileType = text.xcconfig; name = "Pods-HomeAssignment.debug.xcconfig"; path = "Target Support Files/Pods-HomeAssignment/Pods-HomeAssignment.debug.xcconfig"; sourceTree = "<group>"; };
		5E327C115EF6CC1D8692A623 /* Pods-HomeAssignment-HomeAssignmentUITests.release.xcconfig */ = {isa = PBXFileReference; includeInIndex = 1; lastKnownFileType = text.xcconfig; name = "Pods-HomeAssignment-HomeAssignmentUITests.release.xcconfig"; path = "Target Support Files/Pods-HomeAssignment-HomeAssignmentUITests/Pods-HomeAssignment-HomeAssignmentUITests.release.xcconfig"; sourceTree = "<group>"; };
		76BA072C26148769BD7CEF16 /* Pods_HomeAssignment.framework */ = {isa = PBXFileReference; explicitFileType = wrapper.framework; includeInIndex = 0; path = Pods_HomeAssignment.framework; sourceTree = BUILT_PRODUCTS_DIR; };
		9A33386AAD8E8EA117F53E69 /* Pods_HomeAssignmentTests.framework */ = {isa = PBXFileReference; explicitFileType = wrapper.framework; includeInIndex = 0; path = Pods_HomeAssignmentTests.framework; sourceTree = BUILT_PRODUCTS_DIR; };
		AD68DE15274363DF3095EA32 /* Pods-HomeAssignment-HomeAssignmentUITests.debug.xcconfig */ = {isa = PBXFileReference; includeInIndex = 1; lastKnownFileType = text.xcconfig; name = "Pods-HomeAssignment-HomeAssignmentUITests.debug.xcconfig"; path = "Target Support Files/Pods-HomeAssignment-HomeAssignmentUITests/Pods-HomeAssignment-HomeAssignmentUITests.debug.xcconfig"; sourceTree = "<group>"; };
		B82F543DD211F4F88DE081B9 /* Pods-HomeAssignment.release.xcconfig */ = {isa = PBXFileReference; includeInIndex = 1; lastKnownFileType = text.xcconfig; name = "Pods-HomeAssignment.release.xcconfig"; path = "Target Support Files/Pods-HomeAssignment/Pods-HomeAssignment.release.xcconfig"; sourceTree = "<group>"; };
		E60BDD45072305B6E54C6F5D /* Pods-HomeAssignmentTests.release.xcconfig */ = {isa = PBXFileReference; includeInIndex = 1; lastKnownFileType = text.xcconfig; name = "Pods-HomeAssignmentTests.release.xcconfig"; path = "Target Support Files/Pods-HomeAssignmentTests/Pods-HomeAssignmentTests.release.xcconfig"; sourceTree = "<group>"; };
/* End PBXFileReference section */

/* Begin PBXFrameworksBuildPhase section */
		08745B5A2BCC5AB00054F9CB /* Frameworks */ = {
			isa = PBXFrameworksBuildPhase;
			buildActionMask = 2147483647;
			files = (
				2BE8CE082531DCF7C8412A76 /* Pods_HomeAssignment.framework in Frameworks */,
			);
			runOnlyForDeploymentPostprocessing = 0;
		};
		08745B702BCC5AB40054F9CB /* Frameworks */ = {
			isa = PBXFrameworksBuildPhase;
			buildActionMask = 2147483647;
			files = (
				1AAFA61D708C5BCA8A16D549 /* Pods_HomeAssignmentTests.framework in Frameworks */,
			);
			runOnlyForDeploymentPostprocessing = 0;
		};
		08745B7A2BCC5AB50054F9CB /* Frameworks */ = {
			isa = PBXFrameworksBuildPhase;
			buildActionMask = 2147483647;
			files = (
				0BC5A288B3D007C839B15CA8 /* Pods_HomeAssignment_HomeAssignmentUITests.framework in Frameworks */,
			);
			runOnlyForDeploymentPostprocessing = 0;
		};
/* End PBXFrameworksBuildPhase section */

/* Begin PBXGroup section */
		0829665B2BCD3BE500719038 /* Networking */ = {
			isa = PBXGroup;
			children = (
				082966652BCD98C700719038 /* NetworkingService.swift */,
			);
			name = Networking;
			sourceTree = "<group>";
		};
		0829665C2BCD3E7700719038 /* StartController */ = {
			isa = PBXGroup;
			children = (
				08B528BB2BCC7D8D0015B713 /* Models */,
				08B528B82BCC72D00015B713 /* Enums */,
				08B528B32BCC6FDB0015B713 /* Cells */,
				08B528B02BCC6EE60015B713 /* StartViewModel */,
				08B528AF2BCC6EA80015B713 /* Views */,
				08745B642BCC5AB00054F9CB /* StartController.swift */,
			);
			name = StartController;
			sourceTree = "<group>";
		};
		0829665D2BCD3E8700719038 /* ProductDetailController */ = {
			isa = PBXGroup;
			children = (
				0829665E2BCD3EA600719038 /* Views */,
				0820064F2BCD246F0036364A /* ProductDetailsViewController.swift */,
			);
			name = ProductDetailController;
			sourceTree = "<group>";
		};
		0829665E2BCD3EA600719038 /* Views */ = {
			isa = PBXGroup;
			children = (
				0829665F2BCD3EC300719038 /* ProductDetailView.swift */,
			);
			name = Views;
			sourceTree = "<group>";
		};
		0847387E2BCEA3480018C162 /* ViewModel */ = {
			isa = PBXGroup;
			children = (
				0847387F2BCEA3570018C162 /* BasketViewModel.swift */,
			);
			name = ViewModel;
			sourceTree = "<group>";
		};
		08745B542BCC5AB00054F9CB = {
			isa = PBXGroup;
			children = (
				08745B5F2BCC5AB00054F9CB /* HomeAssignment */,
				08745B762BCC5AB40054F9CB /* HomeAssignmentTests */,
				08745B802BCC5AB50054F9CB /* HomeAssignmentUITests */,
				08745B5E2BCC5AB00054F9CB /* Products */,
				09ECB1ED9E1EBDDA883EA5F1 /* Pods */,
				CDB4977AD00B1508700716B4 /* Frameworks */,
			);
			sourceTree = "<group>";
		};
		08745B5E2BCC5AB00054F9CB /* Products */ = {
			isa = PBXGroup;
			children = (
				08745B5D2BCC5AB00054F9CB /* HomeAssignment.app */,
				08745B732BCC5AB40054F9CB /* HomeAssignmentTests.xctest */,
				08745B7D2BCC5AB50054F9CB /* HomeAssignmentUITests.xctest */,
			);
			name = Products;
			sourceTree = "<group>";
		};
		08745B5F2BCC5AB00054F9CB /* HomeAssignment */ = {
			isa = PBXGroup;
			children = (
				08B528982BCC62510015B713 /* Coordinator */,
				08B528AC2BCC6B4A0015B713 /* Extensions */,
				0829665B2BCD3BE500719038 /* Networking */,
				08B528972BCC610C0015B713 /* Presentation */,
				08745B902BCC5AFE0054F9CB /* Resources */,
				08A5898A2BCDABB70046CB40 /* Singletons */,
			);
			path = HomeAssignment;
			sourceTree = "<group>";
		};
		08745B762BCC5AB40054F9CB /* HomeAssignmentTests */ = {
			isa = PBXGroup;
			children = (
				08745B772BCC5AB40054F9CB /* HomeAssignmentTests.swift */,
			);
			path = HomeAssignmentTests;
			sourceTree = "<group>";
		};
		08745B802BCC5AB50054F9CB /* HomeAssignmentUITests */ = {
			isa = PBXGroup;
			children = (
				08745B812BCC5AB50054F9CB /* HomeAssignmentUITests.swift */,
				08745B832BCC5AB50054F9CB /* HomeAssignmentUITestsLaunchTests.swift */,
			);
			path = HomeAssignmentUITests;
			sourceTree = "<group>";
		};
		08745B902BCC5AFE0054F9CB /* Resources */ = {
			isa = PBXGroup;
			children = (
				08745B602BCC5AB00054F9CB /* AppDelegate.swift */,
				08745B912BCC5B1A0054F9CB /* Files */,
				08745B692BCC5AB40054F9CB /* Assets.xcassets */,
				08745B6B2BCC5AB40054F9CB /* LaunchScreen.storyboard */,
				08745B6E2BCC5AB40054F9CB /* Info.plist */,
			);
			name = Resources;
			sourceTree = "<group>";
		};
		08745B912BCC5B1A0054F9CB /* Files */ = {
			isa = PBXGroup;
			children = (
				08745B922BCC5B2A0054F9CB /* response.json */,
			);
			name = Files;
			sourceTree = "<group>";
		};
		088E0B8B2BCEED650013D7A0 /* CustomViews */ = {
			isa = PBXGroup;
			children = (
				088E0B8C2BCEEDA60013D7A0 /* QuantityManagementView.swift */,
			);
			name = CustomViews;
			sourceTree = "<group>";
		};
		08A5898A2BCDABB70046CB40 /* Singletons */ = {
			isa = PBXGroup;
			children = (
				08B4D8682BCE683300A6B1D0 /* Basket */,
			);
			name = Singletons;
			sourceTree = "<group>";
		};
		08A5898D2BCDAC7E0046CB40 /* Cells */ = {
			isa = PBXGroup;
			children = (
				08A5898E2BCDAC980046CB40 /* BasketTableViewCell.swift */,
			);
			name = Cells;
			sourceTree = "<group>";
		};
		08B4D8652BCE59AB00A6B1D0 /* Views */ = {
			isa = PBXGroup;
			children = (
				08B4D8662BCE59D400A6B1D0 /* BasketView.swift */,
				084738812BCEA56D0018C162 /* EmptyBasketView.swift */,
			);
			name = Views;
			sourceTree = "<group>";
		};
		08B4D8682BCE683300A6B1D0 /* Basket */ = {
			isa = PBXGroup;
			children = (
				08B4D86E2BCE9A5F00A6B1D0 /* Enums */,
				08B4D8692BCE683E00A6B1D0 /* Models */,
				08A5898B2BCDABD10046CB40 /* ShoppingBasket.swift */,
			);
			name = Basket;
			sourceTree = "<group>";
		};
		08B4D8692BCE683E00A6B1D0 /* Models */ = {
			isa = PBXGroup;
			children = (
				08B4D86A2BCE685400A6B1D0 /* BasketProductsModel.swift */,
			);
			name = Models;
			sourceTree = "<group>";
		};
		08B4D86E2BCE9A5F00A6B1D0 /* Enums */ = {
			isa = PBXGroup;
			children = (
				08B4D86F2BCE9A7700A6B1D0 /* BasketUpdateType.swift */,
			);
			name = Enums;
			sourceTree = "<group>";
		};
		08B528972BCC610C0015B713 /* Presentation */ = {
			isa = PBXGroup;
			children = (
				088E0B8B2BCEED650013D7A0 /* CustomViews */,
				08B528A22BCC66C80015B713 /* Basket */,
				08B528A12BCC66BF0015B713 /* Start */,
			);
			name = Presentation;
			sourceTree = "<group>";
		};
		08B528982BCC62510015B713 /* Coordinator */ = {
			isa = PBXGroup;
			children = (
				08B5289C2BCC63950015B713 /* Main */,
				08B528992BCC626A0015B713 /* Base */,
			);
			name = Coordinator;
			sourceTree = "<group>";
		};
		08B528992BCC626A0015B713 /* Base */ = {
			isa = PBXGroup;
			children = (
				08B5289A2BCC62740015B713 /* Coordinator.swift */,
			);
			name = Base;
			sourceTree = "<group>";
		};
		08B5289C2BCC63950015B713 /* Main */ = {
			isa = PBXGroup;
			children = (
				08B528A52BCC672D0015B713 /* MainTabCoordinators */,
				08B5289D2BCC63DA0015B713 /* MainCoordinator.swift */,
				08B5289F2BCC668B0015B713 /* MainCoordinator+ChildCreation.swift */,
				08B528AA2BCC6AB10015B713 /* MainCoordinator+TabBarCreation.swift */,
			);
			name = Main;
			sourceTree = "<group>";
		};
		08B528A12BCC66BF0015B713 /* Start */ = {
			isa = PBXGroup;
			children = (
				0829665D2BCD3E8700719038 /* ProductDetailController */,
				0829665C2BCD3E7700719038 /* StartController */,
			);
			name = Start;
			sourceTree = "<group>";
		};
		08B528A22BCC66C80015B713 /* Basket */ = {
			isa = PBXGroup;
			children = (
				0847387E2BCEA3480018C162 /* ViewModel */,
				08B4D8652BCE59AB00A6B1D0 /* Views */,
				08A5898D2BCDAC7E0046CB40 /* Cells */,
				08B528A32BCC66ED0015B713 /* BasketController.swift */,
			);
			name = Basket;
			sourceTree = "<group>";
		};
		08B528A52BCC672D0015B713 /* MainTabCoordinators */ = {
			isa = PBXGroup;
			children = (
				08B528A62BCC67420015B713 /* StartCoordinator.swift */,
				08B528A82BCC674E0015B713 /* BasketCoordinator.swift */,
			);
			name = MainTabCoordinators;
			sourceTree = "<group>";
		};
		08B528AC2BCC6B4A0015B713 /* Extensions */ = {
			isa = PBXGroup;
			children = (
				08B528AD2BCC6B630015B713 /* UITabBarController+Ext.swift */,
				08B528B62BCC70970015B713 /* UITablveViewCell+Ext.swift */,
				0820064B2BCD06E30036364A /* UIStackView+Ext.swift */,
				08B4D86C2BCE934700A6B1D0 /* Double+Ext.swift */,
			);
			name = Extensions;
			sourceTree = "<group>";
		};
		08B528AF2BCC6EA80015B713 /* Views */ = {
			isa = PBXGroup;
			children = (
				082966632BCD97CB00719038 /* ProductListView.swift */,
			);
			name = Views;
			sourceTree = "<group>";
		};
		08B528B02BCC6EE60015B713 /* StartViewModel */ = {
			isa = PBXGroup;
			children = (
				08B528B12BCC6EFA0015B713 /* StartViewModel.swift */,
			);
			name = StartViewModel;
			sourceTree = "<group>";
		};
		08B528B32BCC6FDB0015B713 /* Cells */ = {
			isa = PBXGroup;
			children = (
				08B528B42BCC6FFA0015B713 /* ProductViewCell.swift */,
			);
			name = Cells;
			sourceTree = "<group>";
		};
		08B528B82BCC72D00015B713 /* Enums */ = {
			isa = PBXGroup;
			children = (
				08B528B92BCC72E10015B713 /* ProductType.swift */,
				0820064D2BCD0E430036364A /* UnitsOfMeasure.swift */,
			);
			name = Enums;
			sourceTree = "<group>";
		};
		08B528BB2BCC7D8D0015B713 /* Models */ = {
			isa = PBXGroup;
			children = (
				08B528BC2BCC7D9E0015B713 /* ProductModel.swift */,
				082966592BCD374E00719038 /* CurrencyData.swift */,
			);
			name = Models;
			sourceTree = "<group>";
		};
		09ECB1ED9E1EBDDA883EA5F1 /* Pods */ = {
			isa = PBXGroup;
			children = (
				533F4F9F34E1A7AF8DDA7FD8 /* Pods-HomeAssignment.debug.xcconfig */,
				B82F543DD211F4F88DE081B9 /* Pods-HomeAssignment.release.xcconfig */,
				AD68DE15274363DF3095EA32 /* Pods-HomeAssignment-HomeAssignmentUITests.debug.xcconfig */,
				5E327C115EF6CC1D8692A623 /* Pods-HomeAssignment-HomeAssignmentUITests.release.xcconfig */,
				41CA37756E786487AC7FCD03 /* Pods-HomeAssignmentTests.debug.xcconfig */,
				E60BDD45072305B6E54C6F5D /* Pods-HomeAssignmentTests.release.xcconfig */,
			);
			path = Pods;
			sourceTree = "<group>";
		};
		CDB4977AD00B1508700716B4 /* Frameworks */ = {
			isa = PBXGroup;
			children = (
				76BA072C26148769BD7CEF16 /* Pods_HomeAssignment.framework */,
				2D1190014D78B0DF4DAE6302 /* Pods_HomeAssignment_HomeAssignmentUITests.framework */,
				9A33386AAD8E8EA117F53E69 /* Pods_HomeAssignmentTests.framework */,
			);
			name = Frameworks;
			sourceTree = "<group>";
		};
/* End PBXGroup section */

/* Begin PBXNativeTarget section */
		08745B5C2BCC5AB00054F9CB /* HomeAssignment */ = {
			isa = PBXNativeTarget;
			buildConfigurationList = 08745B872BCC5AB50054F9CB /* Build configuration list for PBXNativeTarget "HomeAssignment" */;
			buildPhases = (
				D00FFBFDB7A6FD3F4F41D144 /* [CP] Check Pods Manifest.lock */,
				08745B592BCC5AB00054F9CB /* Sources */,
				08745B5A2BCC5AB00054F9CB /* Frameworks */,
				08745B5B2BCC5AB00054F9CB /* Resources */,
				1667A9BF10218D7BA9A0CEDA /* [CP] Embed Pods Frameworks */,
			);
			buildRules = (
			);
			dependencies = (
			);
			name = HomeAssignment;
			productName = HomeAssignment;
			productReference = 08745B5D2BCC5AB00054F9CB /* HomeAssignment.app */;
			productType = "com.apple.product-type.application";
		};
		08745B722BCC5AB40054F9CB /* HomeAssignmentTests */ = {
			isa = PBXNativeTarget;
			buildConfigurationList = 08745B8A2BCC5AB50054F9CB /* Build configuration list for PBXNativeTarget "HomeAssignmentTests" */;
			buildPhases = (
				43797AD030DD884016BE1E02 /* [CP] Check Pods Manifest.lock */,
				08745B6F2BCC5AB40054F9CB /* Sources */,
				08745B702BCC5AB40054F9CB /* Frameworks */,
				08745B712BCC5AB40054F9CB /* Resources */,
			);
			buildRules = (
			);
			dependencies = (
				08745B752BCC5AB40054F9CB /* PBXTargetDependency */,
			);
			name = HomeAssignmentTests;
			productName = HomeAssignmentTests;
			productReference = 08745B732BCC5AB40054F9CB /* HomeAssignmentTests.xctest */;
			productType = "com.apple.product-type.bundle.unit-test";
		};
		08745B7C2BCC5AB50054F9CB /* HomeAssignmentUITests */ = {
			isa = PBXNativeTarget;
			buildConfigurationList = 08745B8D2BCC5AB50054F9CB /* Build configuration list for PBXNativeTarget "HomeAssignmentUITests" */;
			buildPhases = (
				D19AF9728E2947D30D3757AB /* [CP] Check Pods Manifest.lock */,
				08745B792BCC5AB50054F9CB /* Sources */,
				08745B7A2BCC5AB50054F9CB /* Frameworks */,
				08745B7B2BCC5AB50054F9CB /* Resources */,
				36F084630C650141B48871F1 /* [CP] Embed Pods Frameworks */,
			);
			buildRules = (
			);
			dependencies = (
				08745B7F2BCC5AB50054F9CB /* PBXTargetDependency */,
			);
			name = HomeAssignmentUITests;
			productName = HomeAssignmentUITests;
			productReference = 08745B7D2BCC5AB50054F9CB /* HomeAssignmentUITests.xctest */;
			productType = "com.apple.product-type.bundle.ui-testing";
		};
/* End PBXNativeTarget section */

/* Begin PBXProject section */
		08745B552BCC5AB00054F9CB /* Project object */ = {
			isa = PBXProject;
			attributes = {
				BuildIndependentTargetsInParallel = 1;
				LastSwiftUpdateCheck = 1520;
				LastUpgradeCheck = 1520;
				TargetAttributes = {
					08745B5C2BCC5AB00054F9CB = {
						CreatedOnToolsVersion = 15.2;
					};
					08745B722BCC5AB40054F9CB = {
						CreatedOnToolsVersion = 15.2;
						TestTargetID = 08745B5C2BCC5AB00054F9CB;
					};
					08745B7C2BCC5AB50054F9CB = {
						CreatedOnToolsVersion = 15.2;
						TestTargetID = 08745B5C2BCC5AB00054F9CB;
					};
				};
			};
			buildConfigurationList = 08745B582BCC5AB00054F9CB /* Build configuration list for PBXProject "HomeAssignment" */;
			compatibilityVersion = "Xcode 14.0";
			developmentRegion = en;
			hasScannedForEncodings = 0;
			knownRegions = (
				en,
				Base,
			);
			mainGroup = 08745B542BCC5AB00054F9CB;
			productRefGroup = 08745B5E2BCC5AB00054F9CB /* Products */;
			projectDirPath = "";
			projectRoot = "";
			targets = (
				08745B5C2BCC5AB00054F9CB /* HomeAssignment */,
				08745B722BCC5AB40054F9CB /* HomeAssignmentTests */,
				08745B7C2BCC5AB50054F9CB /* HomeAssignmentUITests */,
			);
		};
/* End PBXProject section */

/* Begin PBXResourcesBuildPhase section */
		08745B5B2BCC5AB00054F9CB /* Resources */ = {
			isa = PBXResourcesBuildPhase;
			buildActionMask = 2147483647;
			files = (
				08745B6D2BCC5AB40054F9CB /* LaunchScreen.storyboard in Resources */,
				08745B6A2BCC5AB40054F9CB /* Assets.xcassets in Resources */,
				08745B932BCC5B2A0054F9CB /* response.json in Resources */,
			);
			runOnlyForDeploymentPostprocessing = 0;
		};
		08745B712BCC5AB40054F9CB /* Resources */ = {
			isa = PBXResourcesBuildPhase;
			buildActionMask = 2147483647;
			files = (
			);
			runOnlyForDeploymentPostprocessing = 0;
		};
		08745B7B2BCC5AB50054F9CB /* Resources */ = {
			isa = PBXResourcesBuildPhase;
			buildActionMask = 2147483647;
			files = (
			);
			runOnlyForDeploymentPostprocessing = 0;
		};
/* End PBXResourcesBuildPhase section */

/* Begin PBXShellScriptBuildPhase section */
		1667A9BF10218D7BA9A0CEDA /* [CP] Embed Pods Frameworks */ = {
			isa = PBXShellScriptBuildPhase;
			buildActionMask = 2147483647;
			files = (
			);
			inputFileListPaths = (
				"${PODS_ROOT}/Target Support Files/Pods-HomeAssignment/Pods-HomeAssignment-frameworks-${CONFIGURATION}-input-files.xcfilelist",
			);
			name = "[CP] Embed Pods Frameworks";
			outputFileListPaths = (
				"${PODS_ROOT}/Target Support Files/Pods-HomeAssignment/Pods-HomeAssignment-frameworks-${CONFIGURATION}-output-files.xcfilelist",
			);
			runOnlyForDeploymentPostprocessing = 0;
			shellPath = /bin/sh;
			shellScript = "\"${PODS_ROOT}/Target Support Files/Pods-HomeAssignment/Pods-HomeAssignment-frameworks.sh\"\n";
			showEnvVarsInLog = 0;
		};
		36F084630C650141B48871F1 /* [CP] Embed Pods Frameworks */ = {
			isa = PBXShellScriptBuildPhase;
			buildActionMask = 2147483647;
			files = (
			);
			inputFileListPaths = (
				"${PODS_ROOT}/Target Support Files/Pods-HomeAssignment-HomeAssignmentUITests/Pods-HomeAssignment-HomeAssignmentUITests-frameworks-${CONFIGURATION}-input-files.xcfilelist",
			);
			name = "[CP] Embed Pods Frameworks";
			outputFileListPaths = (
				"${PODS_ROOT}/Target Support Files/Pods-HomeAssignment-HomeAssignmentUITests/Pods-HomeAssignment-HomeAssignmentUITests-frameworks-${CONFIGURATION}-output-files.xcfilelist",
			);
			runOnlyForDeploymentPostprocessing = 0;
			shellPath = /bin/sh;
			shellScript = "\"${PODS_ROOT}/Target Support Files/Pods-HomeAssignment-HomeAssignmentUITests/Pods-HomeAssignment-HomeAssignmentUITests-frameworks.sh\"\n";
			showEnvVarsInLog = 0;
		};
		43797AD030DD884016BE1E02 /* [CP] Check Pods Manifest.lock */ = {
			isa = PBXShellScriptBuildPhase;
			buildActionMask = 2147483647;
			files = (
			);
			inputFileListPaths = (
			);
			inputPaths = (
				"${PODS_PODFILE_DIR_PATH}/Podfile.lock",
				"${PODS_ROOT}/Manifest.lock",
			);
			name = "[CP] Check Pods Manifest.lock";
			outputFileListPaths = (
			);
			outputPaths = (
				"$(DERIVED_FILE_DIR)/Pods-HomeAssignmentTests-checkManifestLockResult.txt",
			);
			runOnlyForDeploymentPostprocessing = 0;
			shellPath = /bin/sh;
			shellScript = "diff \"${PODS_PODFILE_DIR_PATH}/Podfile.lock\" \"${PODS_ROOT}/Manifest.lock\" > /dev/null\nif [ $? != 0 ] ; then\n    # print error to STDERR\n    echo \"error: The sandbox is not in sync with the Podfile.lock. Run 'pod install' or update your CocoaPods installation.\" >&2\n    exit 1\nfi\n# This output is used by Xcode 'outputs' to avoid re-running this script phase.\necho \"SUCCESS\" > \"${SCRIPT_OUTPUT_FILE_0}\"\n";
			showEnvVarsInLog = 0;
		};
		D00FFBFDB7A6FD3F4F41D144 /* [CP] Check Pods Manifest.lock */ = {
			isa = PBXShellScriptBuildPhase;
			buildActionMask = 2147483647;
			files = (
			);
			inputFileListPaths = (
			);
			inputPaths = (
				"${PODS_PODFILE_DIR_PATH}/Podfile.lock",
				"${PODS_ROOT}/Manifest.lock",
			);
			name = "[CP] Check Pods Manifest.lock";
			outputFileListPaths = (
			);
			outputPaths = (
				"$(DERIVED_FILE_DIR)/Pods-HomeAssignment-checkManifestLockResult.txt",
			);
			runOnlyForDeploymentPostprocessing = 0;
			shellPath = /bin/sh;
			shellScript = "diff \"${PODS_PODFILE_DIR_PATH}/Podfile.lock\" \"${PODS_ROOT}/Manifest.lock\" > /dev/null\nif [ $? != 0 ] ; then\n    # print error to STDERR\n    echo \"error: The sandbox is not in sync with the Podfile.lock. Run 'pod install' or update your CocoaPods installation.\" >&2\n    exit 1\nfi\n# This output is used by Xcode 'outputs' to avoid re-running this script phase.\necho \"SUCCESS\" > \"${SCRIPT_OUTPUT_FILE_0}\"\n";
			showEnvVarsInLog = 0;
		};
		D19AF9728E2947D30D3757AB /* [CP] Check Pods Manifest.lock */ = {
			isa = PBXShellScriptBuildPhase;
			buildActionMask = 2147483647;
			files = (
			);
			inputFileListPaths = (
			);
			inputPaths = (
				"${PODS_PODFILE_DIR_PATH}/Podfile.lock",
				"${PODS_ROOT}/Manifest.lock",
			);
			name = "[CP] Check Pods Manifest.lock";
			outputFileListPaths = (
			);
			outputPaths = (
				"$(DERIVED_FILE_DIR)/Pods-HomeAssignment-HomeAssignmentUITests-checkManifestLockResult.txt",
			);
			runOnlyForDeploymentPostprocessing = 0;
			shellPath = /bin/sh;
			shellScript = "diff \"${PODS_PODFILE_DIR_PATH}/Podfile.lock\" \"${PODS_ROOT}/Manifest.lock\" > /dev/null\nif [ $? != 0 ] ; then\n    # print error to STDERR\n    echo \"error: The sandbox is not in sync with the Podfile.lock. Run 'pod install' or update your CocoaPods installation.\" >&2\n    exit 1\nfi\n# This output is used by Xcode 'outputs' to avoid re-running this script phase.\necho \"SUCCESS\" > \"${SCRIPT_OUTPUT_FILE_0}\"\n";
			showEnvVarsInLog = 0;
		};
/* End PBXShellScriptBuildPhase section */

/* Begin PBXSourcesBuildPhase section */
		08745B592BCC5AB00054F9CB /* Sources */ = {
			isa = PBXSourcesBuildPhase;
			buildActionMask = 2147483647;
			files = (
				08745B652BCC5AB00054F9CB /* StartController.swift in Sources */,
				08A5898F2BCDAC980046CB40 /* BasketTableViewCell.swift in Sources */,
				082966602BCD3EC300719038 /* ProductDetailView.swift in Sources */,
				08B528BA2BCC72E10015B713 /* ProductType.swift in Sources */,
				08B4D8702BCE9A7700A6B1D0 /* BasketUpdateType.swift in Sources */,
				08745B612BCC5AB00054F9CB /* AppDelegate.swift in Sources */,
				08B528A92BCC674E0015B713 /* BasketCoordinator.swift in Sources */,
				08B528BD2BCC7D9E0015B713 /* ProductModel.swift in Sources */,
				084738802BCEA3570018C162 /* BasketViewModel.swift in Sources */,
				08B528A02BCC668B0015B713 /* MainCoordinator+ChildCreation.swift in Sources */,
				08B528B72BCC70970015B713 /* UITablveViewCell+Ext.swift in Sources */,
				08B528A42BCC66ED0015B713 /* BasketController.swift in Sources */,
				08B4D8672BCE59D400A6B1D0 /* BasketView.swift in Sources */,
				082966642BCD97CB00719038 /* ProductListView.swift in Sources */,
				08B5289B2BCC62740015B713 /* Coordinator.swift in Sources */,
				0829665A2BCD374E00719038 /* CurrencyData.swift in Sources */,
				084738822BCEA56D0018C162 /* EmptyBasketView.swift in Sources */,
				08B528AB2BCC6AB10015B713 /* MainCoordinator+TabBarCreation.swift in Sources */,
				08B528A72BCC67420015B713 /* StartCoordinator.swift in Sources */,
				08A5898C2BCDABD10046CB40 /* ShoppingBasket.swift in Sources */,
				08B4D86D2BCE934800A6B1D0 /* Double+Ext.swift in Sources */,
				08B4D86B2BCE685400A6B1D0 /* BasketProductsModel.swift in Sources */,
				0820064E2BCD0E430036364A /* UnitsOfMeasure.swift in Sources */,
				0820064C2BCD06E30036364A /* UIStackView+Ext.swift in Sources */,
				08B528B52BCC6FFA0015B713 /* ProductViewCell.swift in Sources */,
				08B5289E2BCC63DA0015B713 /* MainCoordinator.swift in Sources */,
				082006502BCD246F0036364A /* ProductDetailsViewController.swift in Sources */,
				082966662BCD98C700719038 /* NetworkingService.swift in Sources */,
				088E0B8D2BCEEDA60013D7A0 /* QuantityManagementView.swift in Sources */,
				08B528AE2BCC6B630015B713 /* UITabBarController+Ext.swift in Sources */,
				08B528B22BCC6EFA0015B713 /* StartViewModel.swift in Sources */,
			);
			runOnlyForDeploymentPostprocessing = 0;
		};
		08745B6F2BCC5AB40054F9CB /* Sources */ = {
			isa = PBXSourcesBuildPhase;
			buildActionMask = 2147483647;
			files = (
				08745B782BCC5AB40054F9CB /* HomeAssignmentTests.swift in Sources */,
			);
			runOnlyForDeploymentPostprocessing = 0;
		};
		08745B792BCC5AB50054F9CB /* Sources */ = {
			isa = PBXSourcesBuildPhase;
			buildActionMask = 2147483647;
			files = (
				08745B842BCC5AB50054F9CB /* HomeAssignmentUITestsLaunchTests.swift in Sources */,
				08745B822BCC5AB50054F9CB /* HomeAssignmentUITests.swift in Sources */,
			);
			runOnlyForDeploymentPostprocessing = 0;
		};
/* End PBXSourcesBuildPhase section */

/* Begin PBXTargetDependency section */
		08745B752BCC5AB40054F9CB /* PBXTargetDependency */ = {
			isa = PBXTargetDependency;
			target = 08745B5C2BCC5AB00054F9CB /* HomeAssignment */;
			targetProxy = 08745B742BCC5AB40054F9CB /* PBXContainerItemProxy */;
		};
		08745B7F2BCC5AB50054F9CB /* PBXTargetDependency */ = {
			isa = PBXTargetDependency;
			target = 08745B5C2BCC5AB00054F9CB /* HomeAssignment */;
			targetProxy = 08745B7E2BCC5AB50054F9CB /* PBXContainerItemProxy */;
		};
/* End PBXTargetDependency section */

/* Begin PBXVariantGroup section */
		08745B6B2BCC5AB40054F9CB /* LaunchScreen.storyboard */ = {
			isa = PBXVariantGroup;
			children = (
				08745B6C2BCC5AB40054F9CB /* Base */,
			);
			name = LaunchScreen.storyboard;
			sourceTree = "<group>";
		};
/* End PBXVariantGroup section */

/* Begin XCBuildConfiguration section */
		08745B852BCC5AB50054F9CB /* Debug */ = {
			isa = XCBuildConfiguration;
			buildSettings = {
				ALWAYS_SEARCH_USER_PATHS = NO;
				ASSETCATALOG_COMPILER_GENERATE_SWIFT_ASSET_SYMBOL_EXTENSIONS = YES;
				CLANG_ANALYZER_NONNULL = YES;
				CLANG_ANALYZER_NUMBER_OBJECT_CONVERSION = YES_AGGRESSIVE;
				CLANG_CXX_LANGUAGE_STANDARD = "gnu++20";
				CLANG_ENABLE_MODULES = YES;
				CLANG_ENABLE_OBJC_ARC = YES;
				CLANG_ENABLE_OBJC_WEAK = YES;
				CLANG_WARN_BLOCK_CAPTURE_AUTORELEASING = YES;
				CLANG_WARN_BOOL_CONVERSION = YES;
				CLANG_WARN_COMMA = YES;
				CLANG_WARN_CONSTANT_CONVERSION = YES;
				CLANG_WARN_DEPRECATED_OBJC_IMPLEMENTATIONS = YES;
				CLANG_WARN_DIRECT_OBJC_ISA_USAGE = YES_ERROR;
				CLANG_WARN_DOCUMENTATION_COMMENTS = YES;
				CLANG_WARN_EMPTY_BODY = YES;
				CLANG_WARN_ENUM_CONVERSION = YES;
				CLANG_WARN_INFINITE_RECURSION = YES;
				CLANG_WARN_INT_CONVERSION = YES;
				CLANG_WARN_NON_LITERAL_NULL_CONVERSION = YES;
				CLANG_WARN_OBJC_IMPLICIT_RETAIN_SELF = YES;
				CLANG_WARN_OBJC_LITERAL_CONVERSION = YES;
				CLANG_WARN_OBJC_ROOT_CLASS = YES_ERROR;
				CLANG_WARN_QUOTED_INCLUDE_IN_FRAMEWORK_HEADER = YES;
				CLANG_WARN_RANGE_LOOP_ANALYSIS = YES;
				CLANG_WARN_STRICT_PROTOTYPES = YES;
				CLANG_WARN_SUSPICIOUS_MOVE = YES;
				CLANG_WARN_UNGUARDED_AVAILABILITY = YES_AGGRESSIVE;
				CLANG_WARN_UNREACHABLE_CODE = YES;
				CLANG_WARN__DUPLICATE_METHOD_MATCH = YES;
				COPY_PHASE_STRIP = NO;
				DEBUG_INFORMATION_FORMAT = dwarf;
				ENABLE_STRICT_OBJC_MSGSEND = YES;
				ENABLE_TESTABILITY = YES;
				ENABLE_USER_SCRIPT_SANDBOXING = YES;
				GCC_C_LANGUAGE_STANDARD = gnu17;
				GCC_DYNAMIC_NO_PIC = NO;
				GCC_NO_COMMON_BLOCKS = YES;
				GCC_OPTIMIZATION_LEVEL = 0;
				GCC_PREPROCESSOR_DEFINITIONS = (
					"DEBUG=1",
					"$(inherited)",
				);
				GCC_WARN_64_TO_32_BIT_CONVERSION = YES;
				GCC_WARN_ABOUT_RETURN_TYPE = YES_ERROR;
				GCC_WARN_UNDECLARED_SELECTOR = YES;
				GCC_WARN_UNINITIALIZED_AUTOS = YES_AGGRESSIVE;
				GCC_WARN_UNUSED_FUNCTION = YES;
				GCC_WARN_UNUSED_VARIABLE = YES;
				IPHONEOS_DEPLOYMENT_TARGET = 17.2;
				LOCALIZATION_PREFERS_STRING_CATALOGS = YES;
				MTL_ENABLE_DEBUG_INFO = INCLUDE_SOURCE;
				MTL_FAST_MATH = YES;
				ONLY_ACTIVE_ARCH = YES;
				SDKROOT = iphoneos;
				SWIFT_ACTIVE_COMPILATION_CONDITIONS = "DEBUG $(inherited)";
				SWIFT_OPTIMIZATION_LEVEL = "-Onone";
			};
			name = Debug;
		};
		08745B862BCC5AB50054F9CB /* Release */ = {
			isa = XCBuildConfiguration;
			buildSettings = {
				ALWAYS_SEARCH_USER_PATHS = NO;
				ASSETCATALOG_COMPILER_GENERATE_SWIFT_ASSET_SYMBOL_EXTENSIONS = YES;
				CLANG_ANALYZER_NONNULL = YES;
				CLANG_ANALYZER_NUMBER_OBJECT_CONVERSION = YES_AGGRESSIVE;
				CLANG_CXX_LANGUAGE_STANDARD = "gnu++20";
				CLANG_ENABLE_MODULES = YES;
				CLANG_ENABLE_OBJC_ARC = YES;
				CLANG_ENABLE_OBJC_WEAK = YES;
				CLANG_WARN_BLOCK_CAPTURE_AUTORELEASING = YES;
				CLANG_WARN_BOOL_CONVERSION = YES;
				CLANG_WARN_COMMA = YES;
				CLANG_WARN_CONSTANT_CONVERSION = YES;
				CLANG_WARN_DEPRECATED_OBJC_IMPLEMENTATIONS = YES;
				CLANG_WARN_DIRECT_OBJC_ISA_USAGE = YES_ERROR;
				CLANG_WARN_DOCUMENTATION_COMMENTS = YES;
				CLANG_WARN_EMPTY_BODY = YES;
				CLANG_WARN_ENUM_CONVERSION = YES;
				CLANG_WARN_INFINITE_RECURSION = YES;
				CLANG_WARN_INT_CONVERSION = YES;
				CLANG_WARN_NON_LITERAL_NULL_CONVERSION = YES;
				CLANG_WARN_OBJC_IMPLICIT_RETAIN_SELF = YES;
				CLANG_WARN_OBJC_LITERAL_CONVERSION = YES;
				CLANG_WARN_OBJC_ROOT_CLASS = YES_ERROR;
				CLANG_WARN_QUOTED_INCLUDE_IN_FRAMEWORK_HEADER = YES;
				CLANG_WARN_RANGE_LOOP_ANALYSIS = YES;
				CLANG_WARN_STRICT_PROTOTYPES = YES;
				CLANG_WARN_SUSPICIOUS_MOVE = YES;
				CLANG_WARN_UNGUARDED_AVAILABILITY = YES_AGGRESSIVE;
				CLANG_WARN_UNREACHABLE_CODE = YES;
				CLANG_WARN__DUPLICATE_METHOD_MATCH = YES;
				COPY_PHASE_STRIP = NO;
				DEBUG_INFORMATION_FORMAT = "dwarf-with-dsym";
				ENABLE_NS_ASSERTIONS = NO;
				ENABLE_STRICT_OBJC_MSGSEND = YES;
				ENABLE_USER_SCRIPT_SANDBOXING = YES;
				GCC_C_LANGUAGE_STANDARD = gnu17;
				GCC_NO_COMMON_BLOCKS = YES;
				GCC_WARN_64_TO_32_BIT_CONVERSION = YES;
				GCC_WARN_ABOUT_RETURN_TYPE = YES_ERROR;
				GCC_WARN_UNDECLARED_SELECTOR = YES;
				GCC_WARN_UNINITIALIZED_AUTOS = YES_AGGRESSIVE;
				GCC_WARN_UNUSED_FUNCTION = YES;
				GCC_WARN_UNUSED_VARIABLE = YES;
				IPHONEOS_DEPLOYMENT_TARGET = 17.2;
				LOCALIZATION_PREFERS_STRING_CATALOGS = YES;
				MTL_ENABLE_DEBUG_INFO = NO;
				MTL_FAST_MATH = YES;
				SDKROOT = iphoneos;
				SWIFT_COMPILATION_MODE = wholemodule;
				VALIDATE_PRODUCT = YES;
			};
			name = Release;
		};
		08745B882BCC5AB50054F9CB /* Debug */ = {
			isa = XCBuildConfiguration;
			baseConfigurationReference = 533F4F9F34E1A7AF8DDA7FD8 /* Pods-HomeAssignment.debug.xcconfig */;
			buildSettings = {
				ASSETCATALOG_COMPILER_APPICON_NAME = AppIcon;
				ASSETCATALOG_COMPILER_GLOBAL_ACCENT_COLOR_NAME = AccentColor;
				CODE_SIGN_STYLE = Automatic;
				CURRENT_PROJECT_VERSION = 1;
				DEVELOPMENT_TEAM = WKZW55ZWGS;
				ENABLE_USER_SCRIPT_SANDBOXING = NO;
				GENERATE_INFOPLIST_FILE = YES;
				INFOPLIST_FILE = HomeAssignment/Info.plist;
				INFOPLIST_KEY_CFBundleDisplayName = BestShops;
				INFOPLIST_KEY_UIApplicationSupportsIndirectInputEvents = YES;
				INFOPLIST_KEY_UILaunchStoryboardName = LaunchScreen;
				INFOPLIST_KEY_UISupportedInterfaceOrientations = UIInterfaceOrientationPortrait;
				INFOPLIST_KEY_UISupportedInterfaceOrientations_iPad = "UIInterfaceOrientationLandscapeLeft UIInterfaceOrientationLandscapeRight UIInterfaceOrientationPortrait UIInterfaceOrientationPortraitUpsideDown";
				LD_RUNPATH_SEARCH_PATHS = (
					"$(inherited)",
					"@executable_path/Frameworks",
				);
				MARKETING_VERSION = 1.0;
				PRODUCT_BUNDLE_IDENTIFIER = com.RomanCebula.HomeAssignment;
				PRODUCT_NAME = "$(TARGET_NAME)";
				SUPPORTED_PLATFORMS = "iphoneos iphonesimulator";
				SUPPORTS_MACCATALYST = NO;
				SUPPORTS_MAC_DESIGNED_FOR_IPHONE_IPAD = NO;
				SUPPORTS_XR_DESIGNED_FOR_IPHONE_IPAD = NO;
				SWIFT_EMIT_LOC_STRINGS = YES;
				SWIFT_VERSION = 5.0;
				TARGETED_DEVICE_FAMILY = 1;
			};
			name = Debug;
		};
		08745B892BCC5AB50054F9CB /* Release */ = {
			isa = XCBuildConfiguration;
			baseConfigurationReference = B82F543DD211F4F88DE081B9 /* Pods-HomeAssignment.release.xcconfig */;
			buildSettings = {
				ASSETCATALOG_COMPILER_APPICON_NAME = AppIcon;
				ASSETCATALOG_COMPILER_GLOBAL_ACCENT_COLOR_NAME = AccentColor;
				CODE_SIGN_STYLE = Automatic;
				CURRENT_PROJECT_VERSION = 1;
				DEVELOPMENT_TEAM = WKZW55ZWGS;
				ENABLE_USER_SCRIPT_SANDBOXING = NO;
				GENERATE_INFOPLIST_FILE = YES;
				INFOPLIST_FILE = HomeAssignment/Info.plist;
				INFOPLIST_KEY_CFBundleDisplayName = BestShops;
				INFOPLIST_KEY_UIApplicationSupportsIndirectInputEvents = YES;
				INFOPLIST_KEY_UILaunchStoryboardName = LaunchScreen;
				INFOPLIST_KEY_UISupportedInterfaceOrientations = UIInterfaceOrientationPortrait;
				INFOPLIST_KEY_UISupportedInterfaceOrientations_iPad = "UIInterfaceOrientationLandscapeLeft UIInterfaceOrientationLandscapeRight UIInterfaceOrientationPortrait UIInterfaceOrientationPortraitUpsideDown";
				LD_RUNPATH_SEARCH_PATHS = (
					"$(inherited)",
					"@executable_path/Frameworks",
				);
				MARKETING_VERSION = 1.0;
				PRODUCT_BUNDLE_IDENTIFIER = com.RomanCebula.HomeAssignment;
				PRODUCT_NAME = "$(TARGET_NAME)";
				SUPPORTED_PLATFORMS = "iphoneos iphonesimulator";
				SUPPORTS_MACCATALYST = NO;
				SUPPORTS_MAC_DESIGNED_FOR_IPHONE_IPAD = NO;
				SUPPORTS_XR_DESIGNED_FOR_IPHONE_IPAD = NO;
				SWIFT_EMIT_LOC_STRINGS = YES;
				SWIFT_VERSION = 5.0;
				TARGETED_DEVICE_FAMILY = 1;
			};
			name = Release;
		};
		08745B8B2BCC5AB50054F9CB /* Debug */ = {
			isa = XCBuildConfiguration;
			baseConfigurationReference = 41CA37756E786487AC7FCD03 /* Pods-HomeAssignmentTests.debug.xcconfig */;
			buildSettings = {
				ALWAYS_EMBED_SWIFT_STANDARD_LIBRARIES = YES;
				BUNDLE_LOADER = "$(TEST_HOST)";
				CODE_SIGN_STYLE = Automatic;
				CURRENT_PROJECT_VERSION = 1;
				DEVELOPMENT_TEAM = WKZW55ZWGS;
				GENERATE_INFOPLIST_FILE = YES;
				IPHONEOS_DEPLOYMENT_TARGET = 17.2;
				MARKETING_VERSION = 1.0;
				PRODUCT_BUNDLE_IDENTIFIER = com.RomanCebula.HomeAssignmentTests;
				PRODUCT_NAME = "$(TARGET_NAME)";
				SWIFT_EMIT_LOC_STRINGS = NO;
				SWIFT_VERSION = 5.0;
				TARGETED_DEVICE_FAMILY = "1,2";
				TEST_HOST = "$(BUILT_PRODUCTS_DIR)/HomeAssignment.app/$(BUNDLE_EXECUTABLE_FOLDER_PATH)/HomeAssignment";
			};
			name = Debug;
		};
		08745B8C2BCC5AB50054F9CB /* Release */ = {
			isa = XCBuildConfiguration;
			baseConfigurationReference = E60BDD45072305B6E54C6F5D /* Pods-HomeAssignmentTests.release.xcconfig */;
			buildSettings = {
				ALWAYS_EMBED_SWIFT_STANDARD_LIBRARIES = YES;
				BUNDLE_LOADER = "$(TEST_HOST)";
				CODE_SIGN_STYLE = Automatic;
				CURRENT_PROJECT_VERSION = 1;
				DEVELOPMENT_TEAM = WKZW55ZWGS;
				GENERATE_INFOPLIST_FILE = YES;
				IPHONEOS_DEPLOYMENT_TARGET = 17.2;
				MARKETING_VERSION = 1.0;
				PRODUCT_BUNDLE_IDENTIFIER = com.RomanCebula.HomeAssignmentTests;
				PRODUCT_NAME = "$(TARGET_NAME)";
				SWIFT_EMIT_LOC_STRINGS = NO;
				SWIFT_VERSION = 5.0;
				TARGETED_DEVICE_FAMILY = "1,2";
				TEST_HOST = "$(BUILT_PRODUCTS_DIR)/HomeAssignment.app/$(BUNDLE_EXECUTABLE_FOLDER_PATH)/HomeAssignment";
			};
			name = Release;
		};
		08745B8E2BCC5AB50054F9CB /* Debug */ = {
			isa = XCBuildConfiguration;
			baseConfigurationReference = AD68DE15274363DF3095EA32 /* Pods-HomeAssignment-HomeAssignmentUITests.debug.xcconfig */;
			buildSettings = {
				ALWAYS_EMBED_SWIFT_STANDARD_LIBRARIES = YES;
				CODE_SIGN_STYLE = Automatic;
				CURRENT_PROJECT_VERSION = 1;
				DEVELOPMENT_TEAM = WKZW55ZWGS;
				GENERATE_INFOPLIST_FILE = YES;
				MARKETING_VERSION = 1.0;
				PRODUCT_BUNDLE_IDENTIFIER = com.RomanCebula.HomeAssignmentUITests;
				PRODUCT_NAME = "$(TARGET_NAME)";
				SWIFT_EMIT_LOC_STRINGS = NO;
				SWIFT_VERSION = 5.0;
				TARGETED_DEVICE_FAMILY = "1,2";
				TEST_TARGET_NAME = HomeAssignment;
			};
			name = Debug;
		};
		08745B8F2BCC5AB50054F9CB /* Release */ = {
			isa = XCBuildConfiguration;
			baseConfigurationReference = 5E327C115EF6CC1D8692A623 /* Pods-HomeAssignment-HomeAssignmentUITests.release.xcconfig */;
			buildSettings = {
				ALWAYS_EMBED_SWIFT_STANDARD_LIBRARIES = YES;
				CODE_SIGN_STYLE = Automatic;
				CURRENT_PROJECT_VERSION = 1;
				DEVELOPMENT_TEAM = WKZW55ZWGS;
				GENERATE_INFOPLIST_FILE = YES;
				MARKETING_VERSION = 1.0;
				PRODUCT_BUNDLE_IDENTIFIER = com.RomanCebula.HomeAssignmentUITests;
				PRODUCT_NAME = "$(TARGET_NAME)";
				SWIFT_EMIT_LOC_STRINGS = NO;
				SWIFT_VERSION = 5.0;
				TARGETED_DEVICE_FAMILY = "1,2";
				TEST_TARGET_NAME = HomeAssignment;
			};
			name = Release;
		};
/* End XCBuildConfiguration section */

/* Begin XCConfigurationList section */
		08745B582BCC5AB00054F9CB /* Build configuration list for PBXProject "HomeAssignment" */ = {
			isa = XCConfigurationList;
			buildConfigurations = (
				08745B852BCC5AB50054F9CB /* Debug */,
				08745B862BCC5AB50054F9CB /* Release */,
			);
			defaultConfigurationIsVisible = 0;
			defaultConfigurationName = Release;
		};
		08745B872BCC5AB50054F9CB /* Build configuration list for PBXNativeTarget "HomeAssignment" */ = {
			isa = XCConfigurationList;
			buildConfigurations = (
				08745B882BCC5AB50054F9CB /* Debug */,
				08745B892BCC5AB50054F9CB /* Release */,
			);
			defaultConfigurationIsVisible = 0;
			defaultConfigurationName = Release;
		};
		08745B8A2BCC5AB50054F9CB /* Build configuration list for PBXNativeTarget "HomeAssignmentTests" */ = {
			isa = XCConfigurationList;
			buildConfigurations = (
				08745B8B2BCC5AB50054F9CB /* Debug */,
				08745B8C2BCC5AB50054F9CB /* Release */,
			);
			defaultConfigurationIsVisible = 0;
			defaultConfigurationName = Release;
		};
		08745B8D2BCC5AB50054F9CB /* Build configuration list for PBXNativeTarget "HomeAssignmentUITests" */ = {
			isa = XCConfigurationList;
			buildConfigurations = (
				08745B8E2BCC5AB50054F9CB /* Debug */,
				08745B8F2BCC5AB50054F9CB /* Release */,
			);
			defaultConfigurationIsVisible = 0;
			defaultConfigurationName = Release;
		};
/* End XCConfigurationList section */
	};
	rootObject = 08745B552BCC5AB00054F9CB /* Project object */;
}
